
Microsoft Visual Studio Solution File, Format Version 12.00
# Visual Studio Version 16
VisualStudioVersion = 16.0.32413.511
MinimumVisualStudioVersion = 10.0.40219.1
Project("{FAE04EC0-301F-11D3-BF4B-00C04F79EFBC}") = "AlbatrosTest", "AlbatrosTest\AlbatrosTest.csproj", "{B79FBFA7-7CDF-445D-A828-361A26893B3E}"
EndProject
Project("{FAE04EC0-301F-11D3-BF4B-00C04F79EFBC}") = "SQL", "SQL\SQL.csproj", "{98BB7B33-36FB-4F11-93AB-FA0EE00FEF2A}"
EndProject
Project("{FAE04EC0-301F-11D3-BF4B-00C04F79EFBC}") = "Productos", "Productos\Productos.csproj", "{7A168968-A7ED-4675-BEA1-ADBC08168603}"
EndProject
Project("{FAE04EC0-301F-11D3-BF4B-00C04F79EFBC}") = "Clientes", "Clientes\Clientes.csproj", "{AD22EC9F-CF9A-472E-86A3-A7C50BC3A6CC}"
EndProject
Project("{FAE04EC0-301F-11D3-BF4B-00C04F79EFBC}") = "Factura", "Factura\Factura.csproj", "{7AC52148-9818-4230-A538-BE18029D1D0A}"
EndProject
Global
	GlobalSection(SolutionConfigurationPlatforms) = preSolution
		Debug|Any CPU = Debug|Any CPU
		Release|Any CPU = Release|Any CPU
	EndGlobalSection
	GlobalSection(ProjectConfigurationPlatforms) = postSolution
		{B79FBFA7-7CDF-445D-A828-361A26893B3E}.Debug|Any CPU.ActiveCfg = Debug|Any CPU
		{B79FBFA7-7CDF-445D-A828-361A26893B3E}.Debug|Any CPU.Build.0 = Debug|Any CPU
		{B79FBFA7-7CDF-445D-A828-361A26893B3E}.Release|Any CPU.ActiveCfg = Release|Any CPU
		{B79FBFA7-7CDF-445D-A828-361A26893B3E}.Release|Any CPU.Build.0 = Release|Any CPU
		{98BB7B33-36FB-4F11-93AB-FA0EE00FEF2A}.Debug|Any CPU.ActiveCfg = Debug|Any CPU
		{98BB7B33-36FB-4F11-93AB-FA0EE00FEF2A}.Debug|Any CPU.Build.0 = Debug|Any CPU
		{98BB7B33-36FB-4F11-93AB-FA0EE00FEF2A}.Release|Any CPU.ActiveCfg = Release|Any CPU
		{98BB7B33-36FB-4F11-93AB-FA0EE00FEF2A}.Release|Any CPU.Build.0 = Release|Any CPU
		{7A168968-A7ED-4675-BEA1-ADBC08168603}.Debug|Any CPU.ActiveCfg = Debug|Any CPU
		{7A168968-A7ED-4675-BEA1-ADBC08168603}.Debug|Any CPU.Build.0 = Debug|Any CPU
		{7A168968-A7ED-4675-BEA1-ADBC08168603}.Release|Any CPU.ActiveCfg = Release|Any CPU
		{7A168968-A7ED-4675-BEA1-ADBC08168603}.Release|Any CPU.Build.0 = Release|Any CPU
		{AD22EC9F-CF9A-472E-86A3-A7C50BC3A6CC}.Debug|Any CPU.ActiveCfg = Debug|Any CPU
		{AD22EC9F-CF9A-472E-86A3-A7C50BC3A6CC}.Debug|Any CPU.Build.0 = Debug|Any CPU
		{AD22EC9F-CF9A-472E-86A3-A7C50BC3A6CC}.Release|Any CPU.ActiveCfg = Release|Any CPU
		{AD22EC9F-CF9A-472E-86A3-A7C50BC3A6CC}.Release|Any CPU.Build.0 = Release|Any CPU
		{7AC52148-9818-4230-A538-BE18029D1D0A}.Debug|Any CPU.ActiveCfg = Debug|Any CPU
		{7AC52148-9818-4230-A538-BE18029D1D0A}.Debug|Any CPU.Build.0 = Debug|Any CPU
		{7AC52148-9818-4230-A538-BE18029D1D0A}.Release|Any CPU.ActiveCfg = Release|Any CPU
		{7AC52148-9818-4230-A538-BE18029D1D0A}.Release|Any CPU.Build.0 = Release|Any CPU
	EndGlobalSection
	GlobalSection(SolutionProperties) = preSolution
		HideSolutionNode = FALSE
	EndGlobalSection
	GlobalSection(ExtensibilityGlobals) = postSolution
		SolutionGuid = {FF992C72-705B-4A43-9052-1F66391E38CD}
	EndGlobalSection
EndGlobal
